{
  "name": "nvim",
  "lockfileVersion": 3,
  "requires": true,
  "packages": {
    "": {
      "dependencies": {
        "@johnnymorganz/stylua": "^0.19.1"
      }
    },
    "node_modules/@johnnymorganz/stylua": {
      "version": "0.19.1",
      "resolved": "https://registry.npmjs.org/@johnnymorganz/stylua/-/stylua-0.19.1.tgz",
      "integrity": "sha512-UTFkggF2lEOGSK+1JU3E9wIipXaeaHKO56VtAYWJRm14tMTmvS/3OaVQq3K6K7tjsxKy1zU+Y2JgC3tCs1KB6A=="
    }
  }
}
